
Microsoft Visual Studio Solution File, Format Version 12.00
# Visual Studio Version 17
VisualStudioVersion = 17.6.33723.286
MinimumVisualStudioVersion = 10.0.40219.1
Project("{FAE04EC0-301F-11D3-BF4B-00C04F79EFBC}") = "MiloradMarkovic_DeltaDrive_Delta", "MiloradMarkovic_DeltaDrive_Delta\MiloradMarkovic_DeltaDrive_Delta.csproj", "{22F690E6-D12B-434F-9458-E14F2A6E73B5}"
EndProject
Global
	GlobalSection(SolutionConfigurationPlatforms) = preSolution
		Debug|Any CPU = Debug|Any CPU
		Release|Any CPU = Release|Any CPU
	EndGlobalSection
	GlobalSection(ProjectConfigurationPlatforms) = postSolution
		{22F690E6-D12B-434F-9458-E14F2A6E73B5}.Debug|Any CPU.ActiveCfg = Debug|Any CPU
		{22F690E6-D12B-434F-9458-E14F2A6E73B5}.Debug|Any CPU.Build.0 = Debug|Any CPU
		{22F690E6-D12B-434F-9458-E14F2A6E73B5}.Release|Any CPU.ActiveCfg = Release|Any CPU
		{22F690E6-D12B-434F-9458-E14F2A6E73B5}.Release|Any CPU.Build.0 = Release|Any CPU
	EndGlobalSection
	GlobalSection(SolutionProperties) = preSolution
		HideSolutionNode = FALSE
	EndGlobalSection
	GlobalSection(ExtensibilityGlobals) = postSolution
		SolutionGuid = {A3FE56D8-DEEA-41D2-B1B5-FEEE9842F9D6}
	EndGlobalSection
EndGlobal
